
Microsoft Visual Studio Solution File, Format Version 12.00
# Visual Studio 15
VisualStudioVersion = 15.0.27703.2000
MinimumVisualStudioVersion = 10.0.40219.1
Project("{FAE04EC0-301F-11D3-BF4B-00C04F79EFBC}") = "bing_linebot", "bing_linebot\bing_linebot.csproj", "{339A2DD1-9927-49B0-8201-87D1FB812A93}"
EndProject
Project("{FAE04EC0-301F-11D3-BF4B-00C04F79EFBC}") = "bingshopLibrary", "bingshopLibrary\bingshopLibrary.csproj", "{777D3AA4-B8B1-4EBB-9875-8C420FFAB004}"
EndProject
Global
	GlobalSection(SolutionConfigurationPlatforms) = preSolution
		Debug|Any CPU = Debug|Any CPU
		Release|Any CPU = Release|Any CPU
	EndGlobalSection
	GlobalSection(ProjectConfigurationPlatforms) = postSolution
		{339A2DD1-9927-49B0-8201-87D1FB812A93}.Debug|Any CPU.ActiveCfg = Debug|Any CPU
		{339A2DD1-9927-49B0-8201-87D1FB812A93}.Debug|Any CPU.Build.0 = Debug|Any CPU
		{339A2DD1-9927-49B0-8201-87D1FB812A93}.Release|Any CPU.ActiveCfg = Release|Any CPU
		{339A2DD1-9927-49B0-8201-87D1FB812A93}.Release|Any CPU.Build.0 = Release|Any CPU
		{777D3AA4-B8B1-4EBB-9875-8C420FFAB004}.Debug|Any CPU.ActiveCfg = Debug|Any CPU
		{777D3AA4-B8B1-4EBB-9875-8C420FFAB004}.Debug|Any CPU.Build.0 = Debug|Any CPU
		{777D3AA4-B8B1-4EBB-9875-8C420FFAB004}.Release|Any CPU.ActiveCfg = Release|Any CPU
		{777D3AA4-B8B1-4EBB-9875-8C420FFAB004}.Release|Any CPU.Build.0 = Release|Any CPU
	EndGlobalSection
	GlobalSection(SolutionProperties) = preSolution
		HideSolutionNode = FALSE
	EndGlobalSection
	GlobalSection(ExtensibilityGlobals) = postSolution
		SolutionGuid = {34ADC0FD-461C-4280-A769-14F8756ADAEA}
	EndGlobalSection
EndGlobal
